<?xml version="1.0" encoding="utf-8"?>
<Project ToolsVersion="4.0" xmlns="http://schemas.microsoft.com/developer/msbuild/2003">
  <ItemGroup>
    <Filter Include="Utils">
      <UniqueIdentifier>{c90dcbbd-1a14-4e3b-b35a-1b12b0a55a82}</UniqueIdentifier>
    </Filter>
    <Filter Include="Dis7">
      <UniqueIdentifier>{17e948b3-9d85-4b63-994a-5e4417a9f160}</UniqueIdentifier>
    </Filter>
  </ItemGroup>
  <ItemGroup>
    <ClInclude Include="utils\DataStream.h">
      <Filter>Utils</Filter>
    </ClInclude>
    <ClInclude Include="dis7\AcknowledgePdu.h">
      <Filter>Dis7</Filter>
    </ClInclude>
    <ClInclude Include="dis7\AcknowledgeReliablePdu.h">
      <Filter>Dis7</Filter>
    </ClInclude>
    <ClInclude Include="dis7\AcousticEmitter.h">
      <Filter>Dis7</Filter>
    </ClInclude>
    <ClInclude Include="dis7\ActionRequestPdu.h">
      <Filter>Dis7</Filter>
    </ClInclude>
    <ClInclude Include="dis7\ActionRequestReliablePdu.h">
      <Filter>Dis7</Filter>
    </ClInclude>
    <ClInclude Include="dis7\ActionResponsePdu.h">
      <Filter>Dis7</Filter>
    </ClInclude>
    <ClInclude Include="dis7\ActionResponseReliablePdu.h">
      <Filter>Dis7</Filter>
    </ClInclude>
    <ClInclude Include="dis7\AggregateIdentifier.h">
      <Filter>Dis7</Filter>
    </ClInclude>
    <ClInclude Include="dis7\AggregateMarking.h">
      <Filter>Dis7</Filter>
    </ClInclude>
    <ClInclude Include="dis7\AggregateType.h">
      <Filter>Dis7</Filter>
    </ClInclude>
    <ClInclude Include="dis7\AngleDeception.h">
      <Filter>Dis7</Filter>
    </ClInclude>
    <ClInclude Include="dis7\AngularVelocityVector.h">
      <Filter>Dis7</Filter>
    </ClInclude>
    <ClInclude Include="dis7\AntennaLocation.h">
      <Filter>Dis7</Filter>
    </ClInclude>
    <ClInclude Include="dis7\ArealObjectStatePdu.h">
      <Filter>Dis7</Filter>
    </ClInclude>
    <ClInclude Include="dis7\ArticulatedParts.h">
      <Filter>Dis7</Filter>
    </ClInclude>
    <ClInclude Include="dis7\Association.h">
      <Filter>Dis7</Filter>
    </ClInclude>
    <ClInclude Include="dis7\AttachedParts.h">
      <Filter>Dis7</Filter>
    </ClInclude>
    <ClInclude Include="dis7\Attribute.h">
      <Filter>Dis7</Filter>
    </ClInclude>
    <ClInclude Include="dis7\AttributePdu.h">
      <Filter>Dis7</Filter>
    </ClInclude>
    <ClInclude Include="dis7\BeamAntennaPattern.h">
      <Filter>Dis7</Filter>
    </ClInclude>
    <ClInclude Include="dis7\BeamData.h">
      <Filter>Dis7</Filter>
    </ClInclude>
    <ClInclude Include="dis7\BeamStatus.h">
      <Filter>Dis7</Filter>
    </ClInclude>
    <ClInclude Include="dis7\BlankingSector.h">
      <Filter>Dis7</Filter>
    </ClInclude>
    <ClInclude Include="dis7\ChangeOptions.h">
      <Filter>Dis7</Filter>
    </ClInclude>
    <ClInclude Include="dis7\ClockTime.h">
      <Filter>Dis7</Filter>
    </ClInclude>
    <ClInclude Include="dis7\CollisionElasticPdu.h">
      <Filter>Dis7</Filter>
    </ClInclude>
    <ClInclude Include="dis7\CollisionPdu.h">
      <Filter>Dis7</Filter>
    </ClInclude>
    <ClInclude Include="dis7\CommentPdu.h">
      <Filter>Dis7</Filter>
    </ClInclude>
    <ClInclude Include="dis7\CommentReliablePdu.h">
      <Filter>Dis7</Filter>
    </ClInclude>
    <ClInclude Include="dis7\CommunicationsNodeID.h">
      <Filter>Dis7</Filter>
    </ClInclude>
    <ClInclude Include="dis7\CreateEntityPdu.h">
      <Filter>Dis7</Filter>
    </ClInclude>
    <ClInclude Include="dis7\CreateEntityReliablePdu.h">
      <Filter>Dis7</Filter>
    </ClInclude>
    <ClInclude Include="dis7\DataPdu.h">
      <Filter>Dis7</Filter>
    </ClInclude>
    <ClInclude Include="dis7\DataQueryDatumSpecification.h">
      <Filter>Dis7</Filter>
    </ClInclude>
    <ClInclude Include="dis7\DataQueryPdu.h">
      <Filter>Dis7</Filter>
    </ClInclude>
    <ClInclude Include="dis7\DataQueryReliablePdu.h">
      <Filter>Dis7</Filter>
    </ClInclude>
    <ClInclude Include="dis7\DataReliablePdu.h">
      <Filter>Dis7</Filter>
    </ClInclude>
    <ClInclude Include="dis7\DatumSpecification.h">
      <Filter>Dis7</Filter>
    </ClInclude>
    <ClInclude Include="dis7\DeadReckoningParameters.h">
      <Filter>Dis7</Filter>
    </ClInclude>
    <ClInclude Include="dis7\DesignatorPdu.h">
      <Filter>Dis7</Filter>
    </ClInclude>
    <ClInclude Include="dis7\DetonationPdu.h">
      <Filter>Dis7</Filter>
    </ClInclude>
    <ClInclude Include="dis7\DirectedEnergyAreaAimpoint.h">
      <Filter>Dis7</Filter>
    </ClInclude>
    <ClInclude Include="dis7\DirectedEnergyDamage.h">
      <Filter>Dis7</Filter>
    </ClInclude>
    <ClInclude Include="dis7\DirectedEnergyFirePdu.h">
      <Filter>Dis7</Filter>
    </ClInclude>
    <ClInclude Include="dis7\DirectedEnergyPrecisionAimpoint.h">
      <Filter>Dis7</Filter>
    </ClInclude>
    <ClInclude Include="dis7\DirectedEnergyTargetEnergyDeposition.h">
      <Filter>Dis7</Filter>
    </ClInclude>
    <ClInclude Include="dis7\DistributedEmissionsFamilyPdu.h">
      <Filter>Dis7</Filter>
    </ClInclude>
    <ClInclude Include="dis7\EEFundamentalParameterData.h">
      <Filter>Dis7</Filter>
    </ClInclude>
    <ClInclude Include="dis7\EightByteChunk.h">
      <Filter>Dis7</Filter>
    </ClInclude>
    <ClInclude Include="dis7\ElectromagneticEmissionsPdu.h">
      <Filter>Dis7</Filter>
    </ClInclude>
    <ClInclude Include="dis7\EmitterSystem.h">
      <Filter>Dis7</Filter>
    </ClInclude>
    <ClInclude Include="dis7\EngineFuel.h">
      <Filter>Dis7</Filter>
    </ClInclude>
    <ClInclude Include="dis7\EngineFuelReload.h">
      <Filter>Dis7</Filter>
    </ClInclude>
    <ClInclude Include="dis7\EntityAssociation.h">
      <Filter>Dis7</Filter>
    </ClInclude>
    <ClInclude Include="dis7\EntityDamageStatusPdu.h">
      <Filter>Dis7</Filter>
    </ClInclude>
    <ClInclude Include="dis7\EntityID.h">
      <Filter>Dis7</Filter>
    </ClInclude>
    <ClInclude Include="dis7\EntityInformationFamilyPdu.h">
      <Filter>Dis7</Filter>
    </ClInclude>
    <ClInclude Include="dis7\EntityManagementFamilyPdu.h">
      <Filter>Dis7</Filter>
    </ClInclude>
    <ClInclude Include="dis7\EntityMarking.h">
      <Filter>Dis7</Filter>
    </ClInclude>
    <ClInclude Include="dis7\EntityStatePdu.h">
      <Filter>Dis7</Filter>
    </ClInclude>
    <ClInclude Include="dis7\EntityStateUpdatePdu.h">
      <Filter>Dis7</Filter>
    </ClInclude>
    <ClInclude Include="dis7\EntityType.h">
      <Filter>Dis7</Filter>
    </ClInclude>
    <ClInclude Include="dis7\EntityTypeVP.h">
      <Filter>Dis7</Filter>
    </ClInclude>
    <ClInclude Include="dis7\Environment.h">
      <Filter>Dis7</Filter>
    </ClInclude>
    <ClInclude Include="dis7\EnvironmentGeneral.h">
      <Filter>Dis7</Filter>
    </ClInclude>
    <ClInclude Include="dis7\EnvironmentType.h">
      <Filter>Dis7</Filter>
    </ClInclude>
    <ClInclude Include="dis7\EulerAngles.h">
      <Filter>Dis7</Filter>
    </ClInclude>
    <ClInclude Include="dis7\EventIdentifier.h">
      <Filter>Dis7</Filter>
    </ClInclude>
    <ClInclude Include="dis7\EventIdentifierLiveEntity.h">
      <Filter>Dis7</Filter>
    </ClInclude>
    <ClInclude Include="dis7\EventReportPdu.h">
      <Filter>Dis7</Filter>
    </ClInclude>
    <ClInclude Include="dis7\EventReportReliablePdu.h">
      <Filter>Dis7</Filter>
    </ClInclude>
    <ClInclude Include="dis7\Expendable.h">
      <Filter>Dis7</Filter>
    </ClInclude>
    <ClInclude Include="dis7\ExpendableDescriptor.h">
      <Filter>Dis7</Filter>
    </ClInclude>
    <ClInclude Include="dis7\ExpendableReload.h">
      <Filter>Dis7</Filter>
    </ClInclude>
    <ClInclude Include="dis7\ExplosionDescriptor.h">
      <Filter>Dis7</Filter>
    </ClInclude>
    <ClInclude Include="dis7\FalseTargetsAttribute.h">
      <Filter>Dis7</Filter>
    </ClInclude>
    <ClInclude Include="dis7\FastEntityStatePdu.h">
      <Filter>Dis7</Filter>
    </ClInclude>
    <ClInclude Include="dis7\FirePdu.h">
      <Filter>Dis7</Filter>
    </ClInclude>
    <ClInclude Include="dis7\FixedDatum.h">
      <Filter>Dis7</Filter>
    </ClInclude>
    <ClInclude Include="dis7\FourByteChunk.h">
      <Filter>Dis7</Filter>
    </ClInclude>
    <ClInclude Include="dis7\FundamentalOperationalData.h">
      <Filter>Dis7</Filter>
    </ClInclude>
    <ClInclude Include="dis7\GridAxis.h">
      <Filter>Dis7</Filter>
    </ClInclude>
    <ClInclude Include="dis7\GroupIdentifier.h">
      <Filter>Dis7</Filter>
    </ClInclude>
    <ClInclude Include="dis7\IffDataSpecification.h">
      <Filter>Dis7</Filter>
    </ClInclude>
    <ClInclude Include="dis7\IFFFundamentalParameterData.h">
      <Filter>Dis7</Filter>
    </ClInclude>
    <ClInclude Include="dis7\IntercomCommunicationsParameters.h">
      <Filter>Dis7</Filter>
    </ClInclude>
    <ClInclude Include="dis7\IntercomIdentifier.h">
      <Filter>Dis7</Filter>
    </ClInclude>
    <ClInclude Include="dis7\IntercomSignalPdu.h">
      <Filter>Dis7</Filter>
    </ClInclude>
    <ClInclude Include="dis7\IOCommunicationsNode.h">
      <Filter>Dis7</Filter>
    </ClInclude>
    <ClInclude Include="dis7\IOEffect.h">
      <Filter>Dis7</Filter>
    </ClInclude>
    <ClInclude Include="dis7\IsPartOfPdu.h">
      <Filter>Dis7</Filter>
    </ClInclude>
    <ClInclude Include="dis7\JammingTechnique.h">
      <Filter>Dis7</Filter>
    </ClInclude>
    <ClInclude Include="dis7\LaunchedMunitionRecord.h">
      <Filter>Dis7</Filter>
    </ClInclude>
    <ClInclude Include="dis7\LayerHeader.h">
      <Filter>Dis7</Filter>
    </ClInclude>
    <ClInclude Include="dis7\LinearObjectStatePdu.h">
      <Filter>Dis7</Filter>
    </ClInclude>
    <ClInclude Include="dis7\LinearSegmentParameter.h">
      <Filter>Dis7</Filter>
    </ClInclude>
    <ClInclude Include="dis7\LiveEntityIdentifier.h">
      <Filter>Dis7</Filter>
    </ClInclude>
    <ClInclude Include="dis7\LiveEntityPdu.h">
      <Filter>Dis7</Filter>
    </ClInclude>
    <ClInclude Include="dis7\LiveSimulationAddress.h">
      <Filter>Dis7</Filter>
    </ClInclude>
    <ClInclude Include="dis7\LogisticsFamilyPdu.h">
      <Filter>Dis7</Filter>
    </ClInclude>
    <ClInclude Include="dis7\MineEntityIdentifier.h">
      <Filter>Dis7</Filter>
    </ClInclude>
    <ClInclude Include="dis7\MinefieldFamilyPdu.h">
      <Filter>Dis7</Filter>
    </ClInclude>
    <ClInclude Include="dis7\MinefieldIdentifier.h">
      <Filter>Dis7</Filter>
    </ClInclude>
    <ClInclude Include="dis7\MinefieldResponseNackPdu.h">
      <Filter>Dis7</Filter>
    </ClInclude>
    <ClInclude Include="dis7\MinefieldStatePdu.h">
      <Filter>Dis7</Filter>
    </ClInclude>
    <ClInclude Include="dis7\ModulationParameters.h">
      <Filter>Dis7</Filter>
    </ClInclude>
    <ClInclude Include="dis7\ModulationType.h">
      <Filter>Dis7</Filter>
    </ClInclude>
    <ClInclude Include="dis7\msLibMacro.h">
      <Filter>Dis7</Filter>
    </ClInclude>
    <ClInclude Include="dis7\Munition.h">
      <Filter>Dis7</Filter>
    </ClInclude>
    <ClInclude Include="dis7\MunitionDescriptor.h">
      <Filter>Dis7</Filter>
    </ClInclude>
    <ClInclude Include="dis7\MunitionReload.h">
      <Filter>Dis7</Filter>
    </ClInclude>
    <ClInclude Include="dis7\NamedLocationIdentification.h">
      <Filter>Dis7</Filter>
    </ClInclude>
    <ClInclude Include="dis7\ObjectIdentifier.h">
      <Filter>Dis7</Filter>
    </ClInclude>
    <ClInclude Include="dis7\ObjectType.h">
      <Filter>Dis7</Filter>
    </ClInclude>
    <ClInclude Include="dis7\OneByteChunk.h">
      <Filter>Dis7</Filter>
    </ClInclude>
    <ClInclude Include="dis7\OwnershipStatus.h">
      <Filter>Dis7</Filter>
    </ClInclude>
    <ClInclude Include="dis7\Pdu.h">
      <Filter>Dis7</Filter>
    </ClInclude>
    <ClInclude Include="dis7\PduContainer.h">
      <Filter>Dis7</Filter>
    </ClInclude>
    <ClInclude Include="dis7\PduHeader.h">
      <Filter>Dis7</Filter>
    </ClInclude>
    <ClInclude Include="dis7\PduStatus.h">
      <Filter>Dis7</Filter>
    </ClInclude>
    <ClInclude Include="dis7\PduSuperclass.h">
      <Filter>Dis7</Filter>
    </ClInclude>
    <ClInclude Include="dis7\PointObjectStatePdu.h">
      <Filter>Dis7</Filter>
    </ClInclude>
    <ClInclude Include="dis7\PropulsionSystemData.h">
      <Filter>Dis7</Filter>
    </ClInclude>
    <ClInclude Include="dis7\RadioCommunicationsFamilyPdu.h">
      <Filter>Dis7</Filter>
    </ClInclude>
    <ClInclude Include="dis7\RadioIdentifier.h">
      <Filter>Dis7</Filter>
    </ClInclude>
    <ClInclude Include="dis7\RadioType.h">
      <Filter>Dis7</Filter>
    </ClInclude>
    <ClInclude Include="dis7\ReceiverPdu.h">
      <Filter>Dis7</Filter>
    </ClInclude>
    <ClInclude Include="dis7\RecordQueryReliablePdu.h">
      <Filter>Dis7</Filter>
    </ClInclude>
    <ClInclude Include="dis7\RecordQuerySpecification.h">
      <Filter>Dis7</Filter>
    </ClInclude>
    <ClInclude Include="dis7\RecordSpecification.h">
      <Filter>Dis7</Filter>
    </ClInclude>
    <ClInclude Include="dis7\RecordSpecificationElement.h">
      <Filter>Dis7</Filter>
    </ClInclude>
    <ClInclude Include="dis7\Relationship.h">
      <Filter>Dis7</Filter>
    </ClInclude>
    <ClInclude Include="dis7\RemoveEntityPdu.h">
      <Filter>Dis7</Filter>
    </ClInclude>
    <ClInclude Include="dis7\RemoveEntityReliablePdu.h">
      <Filter>Dis7</Filter>
    </ClInclude>
    <ClInclude Include="dis7\RepairCompletePdu.h">
      <Filter>Dis7</Filter>
    </ClInclude>
    <ClInclude Include="dis7\RepairResponsePdu.h">
      <Filter>Dis7</Filter>
    </ClInclude>
    <ClInclude Include="dis7\ResupplyOfferPdu.h">
      <Filter>Dis7</Filter>
    </ClInclude>
    <ClInclude Include="dis7\ResupplyReceivedPdu.h">
      <Filter>Dis7</Filter>
    </ClInclude>
    <ClInclude Include="dis7\SecondaryOperationalData.h">
      <Filter>Dis7</Filter>
    </ClInclude>
    <ClInclude Include="dis7\SeesPdu.h">
      <Filter>Dis7</Filter>
    </ClInclude>
    <ClInclude Include="dis7\Sensor.h">
      <Filter>Dis7</Filter>
    </ClInclude>
    <ClInclude Include="dis7\SeparationVP.h">
      <Filter>Dis7</Filter>
    </ClInclude>
    <ClInclude Include="dis7\ServiceRequestPdu.h">
      <Filter>Dis7</Filter>
    </ClInclude>
    <ClInclude Include="dis7\SetDataPdu.h">
      <Filter>Dis7</Filter>
    </ClInclude>
    <ClInclude Include="dis7\SetDataReliablePdu.h">
      <Filter>Dis7</Filter>
    </ClInclude>
    <ClInclude Include="dis7\SimulationAddress.h">
      <Filter>Dis7</Filter>
    </ClInclude>
    <ClInclude Include="dis7\SimulationIdentifier.h">
      <Filter>Dis7</Filter>
    </ClInclude>
    <ClInclude Include="dis7\SimulationManagementFamilyPdu.h">
      <Filter>Dis7</Filter>
    </ClInclude>
    <ClInclude Include="dis7\SimulationManagementPduHeader.h">
      <Filter>Dis7</Filter>
    </ClInclude>
    <ClInclude Include="dis7\SimulationManagementWithReliabilityFamilyPdu.h">
      <Filter>Dis7</Filter>
    </ClInclude>
    <ClInclude Include="dis7\StandardVariableSpecification.h">
      <Filter>Dis7</Filter>
    </ClInclude>
    <ClInclude Include="dis7\StartResumePdu.h">
      <Filter>Dis7</Filter>
    </ClInclude>
    <ClInclude Include="dis7\StartResumeReliablePdu.h">
      <Filter>Dis7</Filter>
    </ClInclude>
    <ClInclude Include="dis7\StopFreezePdu.h">
      <Filter>Dis7</Filter>
    </ClInclude>
    <ClInclude Include="dis7\StopFreezeReliablePdu.h">
      <Filter>Dis7</Filter>
    </ClInclude>
    <ClInclude Include="dis7\StorageFuel.h">
      <Filter>Dis7</Filter>
    </ClInclude>
    <ClInclude Include="dis7\StorageFuelReload.h">
      <Filter>Dis7</Filter>
    </ClInclude>
    <ClInclude Include="dis7\SupplyQuantity.h">
      <Filter>Dis7</Filter>
    </ClInclude>
    <ClInclude Include="dis7\SyntheticEnvironmentFamilyPdu.h">
      <Filter>Dis7</Filter>
    </ClInclude>
    <ClInclude Include="dis7\SystemIdentifier.h">
      <Filter>Dis7</Filter>
    </ClInclude>
    <ClInclude Include="dis7\TotalRecordSets.h">
      <Filter>Dis7</Filter>
    </ClInclude>
    <ClInclude Include="dis7\TrackJamData.h">
      <Filter>Dis7</Filter>
    </ClInclude>
    <ClInclude Include="dis7\TwoByteChunk.h">
      <Filter>Dis7</Filter>
    </ClInclude>
    <ClInclude Include="dis7\UAFundamentalParameter.h">
      <Filter>Dis7</Filter>
    </ClInclude>
    <ClInclude Include="dis7\UaPdu.h">
      <Filter>Dis7</Filter>
    </ClInclude>
    <ClInclude Include="dis7\UnattachedIdentifier.h">
      <Filter>Dis7</Filter>
    </ClInclude>
    <ClInclude Include="dis7\UnsignedDISInteger.h">
      <Filter>Dis7</Filter>
    </ClInclude>
    <ClInclude Include="dis7\VariableDatum.h">
      <Filter>Dis7</Filter>
    </ClInclude>
    <ClInclude Include="dis7\VariableParameter.h">
      <Filter>Dis7</Filter>
    </ClInclude>
    <ClInclude Include="dis7\VariableTransmitterParameters.h">
      <Filter>Dis7</Filter>
    </ClInclude>
    <ClInclude Include="dis7\Vector2Float.h">
      <Filter>Dis7</Filter>
    </ClInclude>
    <ClInclude Include="dis7\Vector3Double.h">
      <Filter>Dis7</Filter>
    </ClInclude>
    <ClInclude Include="dis7\Vector3Float.h">
      <Filter>Dis7</Filter>
    </ClInclude>
    <ClInclude Include="dis7\VectoringNozzleSystem.h">
      <Filter>Dis7</Filter>
    </ClInclude>
    <ClInclude Include="dis7\WarfareFamilyPdu.h">
      <Filter>Dis7</Filter>
    </ClInclude>
    <ClInclude Include="main.h" />
    <ClInclude Include="utils\Endian.h">
      <Filter>Utils</Filter>
    </ClInclude>
  </ItemGroup>
  <ItemGroup>
    <ClCompile Include="utils\DataStream.cpp">
      <Filter>Utils</Filter>
    </ClCompile>
    <ClCompile Include="dis7\AcknowledgePdu.cpp">
      <Filter>Dis7</Filter>
    </ClCompile>
    <ClCompile Include="dis7\AcknowledgeReliablePdu.cpp">
      <Filter>Dis7</Filter>
    </ClCompile>
    <ClCompile Include="dis7\AcousticEmitter.cpp">
      <Filter>Dis7</Filter>
    </ClCompile>
    <ClCompile Include="dis7\ActionRequestPdu.cpp">
      <Filter>Dis7</Filter>
    </ClCompile>
    <ClCompile Include="dis7\ActionRequestReliablePdu.cpp">
      <Filter>Dis7</Filter>
    </ClCompile>
    <ClCompile Include="dis7\ActionResponsePdu.cpp">
      <Filter>Dis7</Filter>
    </ClCompile>
    <ClCompile Include="dis7\ActionResponseReliablePdu.cpp">
      <Filter>Dis7</Filter>
    </ClCompile>
    <ClCompile Include="dis7\AggregateIdentifier.cpp">
      <Filter>Dis7</Filter>
    </ClCompile>
    <ClCompile Include="dis7\AggregateMarking.cpp">
      <Filter>Dis7</Filter>
    </ClCompile>
    <ClCompile Include="dis7\AggregateType.cpp">
      <Filter>Dis7</Filter>
    </ClCompile>
    <ClCompile Include="dis7\AngleDeception.cpp">
      <Filter>Dis7</Filter>
    </ClCompile>
    <ClCompile Include="dis7\AngularVelocityVector.cpp">
      <Filter>Dis7</Filter>
    </ClCompile>
    <ClCompile Include="dis7\AntennaLocation.cpp">
      <Filter>Dis7</Filter>
    </ClCompile>
    <ClCompile Include="dis7\ArealObjectStatePdu.cpp">
      <Filter>Dis7</Filter>
    </ClCompile>
    <ClCompile Include="dis7\ArticulatedParts.cpp">
      <Filter>Dis7</Filter>
    </ClCompile>
    <ClCompile Include="dis7\Association.cpp">
      <Filter>Dis7</Filter>
    </ClCompile>
    <ClCompile Include="dis7\AttachedParts.cpp">
      <Filter>Dis7</Filter>
    </ClCompile>
    <ClCompile Include="dis7\Attribute.cpp">
      <Filter>Dis7</Filter>
    </ClCompile>
    <ClCompile Include="dis7\AttributePdu.cpp">
      <Filter>Dis7</Filter>
    </ClCompile>
    <ClCompile Include="dis7\BeamAntennaPattern.cpp">
      <Filter>Dis7</Filter>
    </ClCompile>
    <ClCompile Include="dis7\BeamData.cpp">
      <Filter>Dis7</Filter>
    </ClCompile>
    <ClCompile Include="dis7\BeamStatus.cpp">
      <Filter>Dis7</Filter>
    </ClCompile>
    <ClCompile Include="dis7\BlankingSector.cpp">
      <Filter>Dis7</Filter>
    </ClCompile>
    <ClCompile Include="dis7\ChangeOptions.cpp">
      <Filter>Dis7</Filter>
    </ClCompile>
    <ClCompile Include="dis7\ClockTime.cpp">
      <Filter>Dis7</Filter>
    </ClCompile>
    <ClCompile Include="dis7\CollisionElasticPdu.cpp">
      <Filter>Dis7</Filter>
    </ClCompile>
    <ClCompile Include="dis7\CollisionPdu.cpp">
      <Filter>Dis7</Filter>
    </ClCompile>
    <ClCompile Include="dis7\CommentPdu.cpp">
      <Filter>Dis7</Filter>
    </ClCompile>
    <ClCompile Include="dis7\CommentReliablePdu.cpp">
      <Filter>Dis7</Filter>
    </ClCompile>
    <ClCompile Include="dis7\CommunicationsNodeID.cpp">
      <Filter>Dis7</Filter>
    </ClCompile>
    <ClCompile Include="dis7\CreateEntityPdu.cpp">
      <Filter>Dis7</Filter>
    </ClCompile>
    <ClCompile Include="dis7\CreateEntityReliablePdu.cpp">
      <Filter>Dis7</Filter>
    </ClCompile>
    <ClCompile Include="dis7\DataPdu.cpp">
      <Filter>Dis7</Filter>
    </ClCompile>
    <ClCompile Include="dis7\DataQueryDatumSpecification.cpp">
      <Filter>Dis7</Filter>
    </ClCompile>
    <ClCompile Include="dis7\DataQueryPdu.cpp">
      <Filter>Dis7</Filter>
    </ClCompile>
    <ClCompile Include="dis7\DataQueryReliablePdu.cpp">
      <Filter>Dis7</Filter>
    </ClCompile>
    <ClCompile Include="dis7\DataReliablePdu.cpp">
      <Filter>Dis7</Filter>
    </ClCompile>
    <ClCompile Include="dis7\DatumSpecification.cpp">
      <Filter>Dis7</Filter>
    </ClCompile>
    <ClCompile Include="dis7\DeadReckoningParameters.cpp">
      <Filter>Dis7</Filter>
    </ClCompile>
    <ClCompile Include="dis7\DesignatorPdu.cpp">
      <Filter>Dis7</Filter>
    </ClCompile>
    <ClCompile Include="dis7\DetonationPdu.cpp">
      <Filter>Dis7</Filter>
    </ClCompile>
    <ClCompile Include="dis7\DirectedEnergyAreaAimpoint.cpp">
      <Filter>Dis7</Filter>
    </ClCompile>
    <ClCompile Include="dis7\DirectedEnergyDamage.cpp">
      <Filter>Dis7</Filter>
    </ClCompile>
    <ClCompile Include="dis7\DirectedEnergyFirePdu.cpp">
      <Filter>Dis7</Filter>
    </ClCompile>
    <ClCompile Include="dis7\DirectedEnergyPrecisionAimpoint.cpp">
      <Filter>Dis7</Filter>
    </ClCompile>
    <ClCompile Include="dis7\DirectedEnergyTargetEnergyDeposition.cpp">
      <Filter>Dis7</Filter>
    </ClCompile>
    <ClCompile Include="dis7\DistributedEmissionsFamilyPdu.cpp">
      <Filter>Dis7</Filter>
    </ClCompile>
    <ClCompile Include="dis7\EEFundamentalParameterData.cpp">
      <Filter>Dis7</Filter>
    </ClCompile>
    <ClCompile Include="dis7\EightByteChunk.cpp">
      <Filter>Dis7</Filter>
    </ClCompile>
    <ClCompile Include="dis7\ElectromagneticEmissionsPdu.cpp">
      <Filter>Dis7</Filter>
    </ClCompile>
    <ClCompile Include="dis7\EmitterSystem.cpp">
      <Filter>Dis7</Filter>
    </ClCompile>
    <ClCompile Include="dis7\EngineFuel.cpp">
      <Filter>Dis7</Filter>
    </ClCompile>
    <ClCompile Include="dis7\EngineFuelReload.cpp">
      <Filter>Dis7</Filter>
    </ClCompile>
    <ClCompile Include="dis7\EntityAssociation.cpp">
      <Filter>Dis7</Filter>
    </ClCompile>
    <ClCompile Include="dis7\EntityDamageStatusPdu.cpp">
      <Filter>Dis7</Filter>
    </ClCompile>
    <ClCompile Include="dis7\EntityID.cpp">
      <Filter>Dis7</Filter>
    </ClCompile>
    <ClCompile Include="dis7\EntityInformationFamilyPdu.cpp">
      <Filter>Dis7</Filter>
    </ClCompile>
    <ClCompile Include="dis7\EntityManagementFamilyPdu.cpp">
      <Filter>Dis7</Filter>
    </ClCompile>
    <ClCompile Include="dis7\EntityMarking.cpp">
      <Filter>Dis7</Filter>
    </ClCompile>
    <ClCompile Include="dis7\EntityStatePdu.cpp">
      <Filter>Dis7</Filter>
    </ClCompile>
    <ClCompile Include="dis7\EntityStateUpdatePdu.cpp">
      <Filter>Dis7</Filter>
    </ClCompile>
    <ClCompile Include="dis7\EntityType.cpp">
      <Filter>Dis7</Filter>
    </ClCompile>
    <ClCompile Include="dis7\EntityTypeVP.cpp">
      <Filter>Dis7</Filter>
    </ClCompile>
    <ClCompile Include="dis7\Environment.cpp">
      <Filter>Dis7</Filter>
    </ClCompile>
    <ClCompile Include="dis7\EnvironmentGeneral.cpp">
      <Filter>Dis7</Filter>
    </ClCompile>
    <ClCompile Include="dis7\EnvironmentType.cpp">
      <Filter>Dis7</Filter>
    </ClCompile>
    <ClCompile Include="dis7\EulerAngles.cpp">
      <Filter>Dis7</Filter>
    </ClCompile>
    <ClCompile Include="dis7\EventIdentifier.cpp">
      <Filter>Dis7</Filter>
    </ClCompile>
    <ClCompile Include="dis7\EventIdentifierLiveEntity.cpp">
      <Filter>Dis7</Filter>
    </ClCompile>
    <ClCompile Include="dis7\EventReportPdu.cpp">
      <Filter>Dis7</Filter>
    </ClCompile>
    <ClCompile Include="dis7\EventReportReliablePdu.cpp">
      <Filter>Dis7</Filter>
    </ClCompile>
    <ClCompile Include="dis7\Expendable.cpp">
      <Filter>Dis7</Filter>
    </ClCompile>
    <ClCompile Include="dis7\ExpendableDescriptor.cpp">
      <Filter>Dis7</Filter>
    </ClCompile>
    <ClCompile Include="dis7\ExpendableReload.cpp">
      <Filter>Dis7</Filter>
    </ClCompile>
    <ClCompile Include="dis7\ExplosionDescriptor.cpp">
      <Filter>Dis7</Filter>
    </ClCompile>
    <ClCompile Include="dis7\FalseTargetsAttribute.cpp">
      <Filter>Dis7</Filter>
    </ClCompile>
    <ClCompile Include="dis7\FastEntityStatePdu.cpp">
      <Filter>Dis7</Filter>
    </ClCompile>
    <ClCompile Include="dis7\FirePdu.cpp">
      <Filter>Dis7</Filter>
    </ClCompile>
    <ClCompile Include="dis7\FixedDatum.cpp">
      <Filter>Dis7</Filter>
    </ClCompile>
    <ClCompile Include="dis7\FourByteChunk.cpp">
      <Filter>Dis7</Filter>
    </ClCompile>
    <ClCompile Include="dis7\FundamentalOperationalData.cpp">
      <Filter>Dis7</Filter>
    </ClCompile>
    <ClCompile Include="dis7\GridAxis.cpp">
      <Filter>Dis7</Filter>
    </ClCompile>
    <ClCompile Include="dis7\GroupIdentifier.cpp">
      <Filter>Dis7</Filter>
    </ClCompile>
    <ClCompile Include="dis7\IffDataSpecification.cpp">
      <Filter>Dis7</Filter>
    </ClCompile>
    <ClCompile Include="dis7\IFFFundamentalParameterData.cpp">
      <Filter>Dis7</Filter>
    </ClCompile>
    <ClCompile Include="dis7\IntercomCommunicationsParameters.cpp">
      <Filter>Dis7</Filter>
    </ClCompile>
    <ClCompile Include="dis7\IntercomIdentifier.cpp">
      <Filter>Dis7</Filter>
    </ClCompile>
    <ClCompile Include="dis7\IntercomSignalPdu.cpp">
      <Filter>Dis7</Filter>
    </ClCompile>
    <ClCompile Include="dis7\IOCommunicationsNode.cpp">
      <Filter>Dis7</Filter>
    </ClCompile>
    <ClCompile Include="dis7\IOEffect.cpp">
      <Filter>Dis7</Filter>
    </ClCompile>
    <ClCompile Include="dis7\IsPartOfPdu.cpp">
      <Filter>Dis7</Filter>
    </ClCompile>
    <ClCompile Include="dis7\JammingTechnique.cpp">
      <Filter>Dis7</Filter>
    </ClCompile>
    <ClCompile Include="dis7\LaunchedMunitionRecord.cpp">
      <Filter>Dis7</Filter>
    </ClCompile>
    <ClCompile Include="dis7\LayerHeader.cpp">
      <Filter>Dis7</Filter>
    </ClCompile>
    <ClCompile Include="dis7\LinearObjectStatePdu.cpp">
      <Filter>Dis7</Filter>
    </ClCompile>
    <ClCompile Include="dis7\LinearSegmentParameter.cpp">
      <Filter>Dis7</Filter>
    </ClCompile>
    <ClCompile Include="dis7\LiveEntityIdentifier.cpp">
      <Filter>Dis7</Filter>
    </ClCompile>
    <ClCompile Include="dis7\LiveEntityPdu.cpp">
      <Filter>Dis7</Filter>
    </ClCompile>
    <ClCompile Include="dis7\LiveSimulationAddress.cpp">
      <Filter>Dis7</Filter>
    </ClCompile>
    <ClCompile Include="dis7\LogisticsFamilyPdu.cpp">
      <Filter>Dis7</Filter>
    </ClCompile>
    <ClCompile Include="dis7\MineEntityIdentifier.cpp">
      <Filter>Dis7</Filter>
    </ClCompile>
    <ClCompile Include="dis7\MinefieldFamilyPdu.cpp">
      <Filter>Dis7</Filter>
    </ClCompile>
    <ClCompile Include="dis7\MinefieldIdentifier.cpp">
      <Filter>Dis7</Filter>
    </ClCompile>
    <ClCompile Include="dis7\MinefieldResponseNackPdu.cpp">
      <Filter>Dis7</Filter>
    </ClCompile>
    <ClCompile Include="dis7\MinefieldStatePdu.cpp">
      <Filter>Dis7</Filter>
    </ClCompile>
    <ClCompile Include="dis7\ModulationParameters.cpp">
      <Filter>Dis7</Filter>
    </ClCompile>
    <ClCompile Include="dis7\ModulationType.cpp">
      <Filter>Dis7</Filter>
    </ClCompile>
    <ClCompile Include="dis7\Munition.cpp">
      <Filter>Dis7</Filter>
    </ClCompile>
    <ClCompile Include="dis7\MunitionDescriptor.cpp">
      <Filter>Dis7</Filter>
    </ClCompile>
    <ClCompile Include="dis7\MunitionReload.cpp">
      <Filter>Dis7</Filter>
    </ClCompile>
    <ClCompile Include="dis7\NamedLocationIdentification.cpp">
      <Filter>Dis7</Filter>
    </ClCompile>
    <ClCompile Include="dis7\ObjectIdentifier.cpp">
      <Filter>Dis7</Filter>
    </ClCompile>
    <ClCompile Include="dis7\ObjectType.cpp">
      <Filter>Dis7</Filter>
    </ClCompile>
    <ClCompile Include="dis7\OneByteChunk.cpp">
      <Filter>Dis7</Filter>
    </ClCompile>
    <ClCompile Include="dis7\OwnershipStatus.cpp">
      <Filter>Dis7</Filter>
    </ClCompile>
    <ClCompile Include="dis7\Pdu.cpp">
      <Filter>Dis7</Filter>
    </ClCompile>
    <ClCompile Include="dis7\PduContainer.cpp">
      <Filter>Dis7</Filter>
    </ClCompile>
    <ClCompile Include="dis7\PduHeader.cpp">
      <Filter>Dis7</Filter>
    </ClCompile>
    <ClCompile Include="dis7\PduStatus.cpp">
      <Filter>Dis7</Filter>
    </ClCompile>
    <ClCompile Include="dis7\PduSuperclass.cpp">
      <Filter>Dis7</Filter>
    </ClCompile>
    <ClCompile Include="dis7\PointObjectStatePdu.cpp">
      <Filter>Dis7</Filter>
    </ClCompile>
    <ClCompile Include="dis7\PropulsionSystemData.cpp">
      <Filter>Dis7</Filter>
    </ClCompile>
    <ClCompile Include="dis7\RadioCommunicationsFamilyPdu.cpp">
      <Filter>Dis7</Filter>
    </ClCompile>
    <ClCompile Include="dis7\RadioIdentifier.cpp">
      <Filter>Dis7</Filter>
    </ClCompile>
    <ClCompile Include="dis7\RadioType.cpp">
      <Filter>Dis7</Filter>
    </ClCompile>
    <ClCompile Include="dis7\ReceiverPdu.cpp">
      <Filter>Dis7</Filter>
    </ClCompile>
    <ClCompile Include="dis7\RecordQueryReliablePdu.cpp">
      <Filter>Dis7</Filter>
    </ClCompile>
    <ClCompile Include="dis7\RecordQuerySpecification.cpp">
      <Filter>Dis7</Filter>
    </ClCompile>
    <ClCompile Include="dis7\RecordSpecification.cpp">
      <Filter>Dis7</Filter>
    </ClCompile>
    <ClCompile Include="dis7\RecordSpecificationElement.cpp">
      <Filter>Dis7</Filter>
    </ClCompile>
    <ClCompile Include="dis7\Relationship.cpp">
      <Filter>Dis7</Filter>
    </ClCompile>
    <ClCompile Include="dis7\RemoveEntityPdu.cpp">
      <Filter>Dis7</Filter>
    </ClCompile>
    <ClCompile Include="dis7\RemoveEntityReliablePdu.cpp">
      <Filter>Dis7</Filter>
    </ClCompile>
    <ClCompile Include="dis7\RepairCompletePdu.cpp">
      <Filter>Dis7</Filter>
    </ClCompile>
    <ClCompile Include="dis7\RepairResponsePdu.cpp">
      <Filter>Dis7</Filter>
    </ClCompile>
    <ClCompile Include="dis7\ResupplyOfferPdu.cpp">
      <Filter>Dis7</Filter>
    </ClCompile>
    <ClCompile Include="dis7\ResupplyReceivedPdu.cpp">
      <Filter>Dis7</Filter>
    </ClCompile>
    <ClCompile Include="dis7\SecondaryOperationalData.cpp">
      <Filter>Dis7</Filter>
    </ClCompile>
    <ClCompile Include="dis7\SeesPdu.cpp">
      <Filter>Dis7</Filter>
    </ClCompile>
    <ClCompile Include="dis7\Sensor.cpp">
      <Filter>Dis7</Filter>
    </ClCompile>
    <ClCompile Include="dis7\SeparationVP.cpp">
      <Filter>Dis7</Filter>
    </ClCompile>
    <ClCompile Include="dis7\ServiceRequestPdu.cpp">
      <Filter>Dis7</Filter>
    </ClCompile>
    <ClCompile Include="dis7\SetDataPdu.cpp">
      <Filter>Dis7</Filter>
    </ClCompile>
    <ClCompile Include="dis7\SetDataReliablePdu.cpp">
      <Filter>Dis7</Filter>
    </ClCompile>
    <ClCompile Include="dis7\SimulationAddress.cpp">
      <Filter>Dis7</Filter>
    </ClCompile>
    <ClCompile Include="dis7\SimulationIdentifier.cpp">
      <Filter>Dis7</Filter>
    </ClCompile>
    <ClCompile Include="dis7\SimulationManagementFamilyPdu.cpp">
      <Filter>Dis7</Filter>
    </ClCompile>
    <ClCompile Include="dis7\SimulationManagementPduHeader.cpp">
      <Filter>Dis7</Filter>
    </ClCompile>
    <ClCompile Include="dis7\SimulationManagementWithReliabilityFamilyPdu.cpp">
      <Filter>Dis7</Filter>
    </ClCompile>
    <ClCompile Include="dis7\StandardVariableSpecification.cpp">
      <Filter>Dis7</Filter>
    </ClCompile>
    <ClCompile Include="dis7\StartResumePdu.cpp">
      <Filter>Dis7</Filter>
    </ClCompile>
    <ClCompile Include="dis7\StartResumeReliablePdu.cpp">
      <Filter>Dis7</Filter>
    </ClCompile>
    <ClCompile Include="dis7\StopFreezePdu.cpp">
      <Filter>Dis7</Filter>
    </ClCompile>
    <ClCompile Include="dis7\StopFreezeReliablePdu.cpp">
      <Filter>Dis7</Filter>
    </ClCompile>
    <ClCompile Include="dis7\StorageFuel.cpp">
      <Filter>Dis7</Filter>
    </ClCompile>
    <ClCompile Include="dis7\StorageFuelReload.cpp">
      <Filter>Dis7</Filter>
    </ClCompile>
    <ClCompile Include="dis7\SupplyQuantity.cpp">
      <Filter>Dis7</Filter>
    </ClCompile>
    <ClCompile Include="dis7\SyntheticEnvironmentFamilyPdu.cpp">
      <Filter>Dis7</Filter>
    </ClCompile>
    <ClCompile Include="dis7\SystemIdentifier.cpp">
      <Filter>Dis7</Filter>
    </ClCompile>
    <ClCompile Include="dis7\TotalRecordSets.cpp">
      <Filter>Dis7</Filter>
    </ClCompile>
    <ClCompile Include="dis7\TrackJamData.cpp">
      <Filter>Dis7</Filter>
    </ClCompile>
    <ClCompile Include="dis7\TwoByteChunk.cpp">
      <Filter>Dis7</Filter>
    </ClCompile>
    <ClCompile Include="dis7\UAFundamentalParameter.cpp">
      <Filter>Dis7</Filter>
    </ClCompile>
    <ClCompile Include="dis7\UaPdu.cpp">
      <Filter>Dis7</Filter>
    </ClCompile>
    <ClCompile Include="dis7\UnattachedIdentifier.cpp">
      <Filter>Dis7</Filter>
    </ClCompile>
    <ClCompile Include="dis7\UnsignedDISInteger.cpp">
      <Filter>Dis7</Filter>
    </ClCompile>
    <ClCompile Include="dis7\VariableDatum.cpp">
      <Filter>Dis7</Filter>
    </ClCompile>
    <ClCompile Include="dis7\VariableParameter.cpp">
      <Filter>Dis7</Filter>
    </ClCompile>
    <ClCompile Include="dis7\VariableTransmitterParameters.cpp">
      <Filter>Dis7</Filter>
    </ClCompile>
    <ClCompile Include="dis7\Vector2Float.cpp">
      <Filter>Dis7</Filter>
    </ClCompile>
    <ClCompile Include="dis7\Vector3Double.cpp">
      <Filter>Dis7</Filter>
    </ClCompile>
    <ClCompile Include="dis7\Vector3Float.cpp">
      <Filter>Dis7</Filter>
    </ClCompile>
    <ClCompile Include="dis7\VectoringNozzleSystem.cpp">
      <Filter>Dis7</Filter>
    </ClCompile>
    <ClCompile Include="dis7\WarfareFamilyPdu.cpp">
      <Filter>Dis7</Filter>
    </ClCompile>
  </ItemGroup>
</Project>